// !$*UTF8*$!
{
	archiveVersion = 1;
	classes = {
	};
	objectVersion = 48;
	objects = {

/* Begin PBXBuildFile section */
		5410A6C11FFFDF1200935A9A /* AppDelegate.swift in Sources */ = {isa = PBXBuildFile; fileRef = 5410A6C01FFFDF1200935A9A /* AppDelegate.swift */; };
		5410A6C31FFFDF1200935A9A /* MainWeatherViewController.swift in Sources */ = {isa = PBXBuildFile; fileRef = 5410A6C21FFFDF1200935A9A /* MainWeatherViewController.swift */; };
		5410A6C81FFFDF1200935A9A /* Assets.xcassets in Resources */ = {isa = PBXBuildFile; fileRef = 5410A6C71FFFDF1200935A9A /* Assets.xcassets */; };
		5410A6CB1FFFDF1200935A9A /* LaunchScreen.storyboard in Resources */ = {isa = PBXBuildFile; fileRef = 5410A6C91FFFDF1200935A9A /* LaunchScreen.storyboard */; };
		5410A6D31FFFDF6500935A9A /* ZipCodeHelper.swift in Sources */ = {isa = PBXBuildFile; fileRef = 5410A6D21FFFDF6500935A9A /* ZipCodeHelper.swift */; };
		D201151A2007150200F54810 /* ImageAPIClient.swift in Sources */ = {isa = PBXBuildFile; fileRef = D20115192007150200F54810 /* ImageAPIClient.swift */; };
		D201153A2007C71E00F54810 /* DataModel.swift in Sources */ = {isa = PBXBuildFile; fileRef = D20115392007C71E00F54810 /* DataModel.swift */; };
		D201153F2007F62D00F54810 /* Favorite.swift in Sources */ = {isa = PBXBuildFile; fileRef = D201153E2007F62D00F54810 /* Favorite.swift */; };
		D201154120081D6400F54810 /* FavoriteView.swift in Sources */ = {isa = PBXBuildFile; fileRef = D201154020081D6400F54810 /* FavoriteView.swift */; };
		D239991720047D930020A034 /* WeatherDetailView.swift in Sources */ = {isa = PBXBuildFile; fileRef = D239991620047D930020A034 /* WeatherDetailView.swift */; };
		D2548F912001BC6100DC0305 /* TabBarController.swift in Sources */ = {isa = PBXBuildFile; fileRef = D2548F902001BC6100DC0305 /* TabBarController.swift */; };
		D2548F932001BD0E00DC0305 /* FavoritesViewController.swift in Sources */ = {isa = PBXBuildFile; fileRef = D2548F922001BD0E00DC0305 /* FavoritesViewController.swift */; };
		D268390A2002AAB600D852DC /* NetworkHelper.swift in Sources */ = {isa = PBXBuildFile; fileRef = D26839092002AAB600D852DC /* NetworkHelper.swift */; };
		D268390C2002ACC700D852DC /* AerisAPIClient.swift in Sources */ = {isa = PBXBuildFile; fileRef = D268390B2002ACC700D852DC /* AerisAPIClient.swift */; };
		D268390E2002B38400D852DC /* WeatherCell.swift in Sources */ = {isa = PBXBuildFile; fileRef = D268390D2002B38400D852DC /* WeatherCell.swift */; };
		D26839102002B45600D852DC /* WeatherView.swift in Sources */ = {isa = PBXBuildFile; fileRef = D268390F2002B45600D852DC /* WeatherView.swift */; };
		D26839122002F66F00D852DC /* WeatherDetailViewController.swift in Sources */ = {isa = PBXBuildFile; fileRef = D26839112002F66F00D852DC /* WeatherDetailViewController.swift */; };
		D2B442142006FD4A00322E23 /* PixabayImageAPIClient.swift in Sources */ = {isa = PBXBuildFile; fileRef = D2B442132006FD4A00322E23 /* PixabayImageAPIClient.swift */; };
/* End PBXBuildFile section */

/* Begin PBXFileReference section */
		5410A6BD1FFFDF1200935A9A /* Unit4Week3Homework-StudentVersion.app */ = {isa = PBXFileReference; explicitFileType = wrapper.application; includeInIndex = 0; path = "Unit4Week3Homework-StudentVersion.app"; sourceTree = BUILT_PRODUCTS_DIR; };
		5410A6C01FFFDF1200935A9A /* AppDelegate.swift */ = {isa = PBXFileReference; lastKnownFileType = sourcecode.swift; path = AppDelegate.swift; sourceTree = "<group>"; };
		5410A6C21FFFDF1200935A9A /* MainWeatherViewController.swift */ = {isa = PBXFileReference; lastKnownFileType = sourcecode.swift; path = MainWeatherViewController.swift; sourceTree = "<group>"; };
		5410A6C71FFFDF1200935A9A /* Assets.xcassets */ = {isa = PBXFileReference; lastKnownFileType = folder.assetcatalog; path = Assets.xcassets; sourceTree = "<group>"; };
		5410A6CA1FFFDF1200935A9A /* Base */ = {isa = PBXFileReference; lastKnownFileType = file.storyboard; name = Base; path = Base.lproj/LaunchScreen.storyboard; sourceTree = "<group>"; };
		5410A6CC1FFFDF1200935A9A /* Info.plist */ = {isa = PBXFileReference; lastKnownFileType = text.plist.xml; path = Info.plist; sourceTree = "<group>"; };
		5410A6D21FFFDF6500935A9A /* ZipCodeHelper.swift */ = {isa = PBXFileReference; lastKnownFileType = sourcecode.swift; path = ZipCodeHelper.swift; sourceTree = "<group>"; };
		D20115192007150200F54810 /* ImageAPIClient.swift */ = {isa = PBXFileReference; lastKnownFileType = sourcecode.swift; path = ImageAPIClient.swift; sourceTree = "<group>"; };
		D20115392007C71E00F54810 /* DataModel.swift */ = {isa = PBXFileReference; lastKnownFileType = sourcecode.swift; path = DataModel.swift; sourceTree = "<group>"; };
		D201153E2007F62D00F54810 /* Favorite.swift */ = {isa = PBXFileReference; lastKnownFileType = sourcecode.swift; path = Favorite.swift; sourceTree = "<group>"; };
		D201154020081D6400F54810 /* FavoriteView.swift */ = {isa = PBXFileReference; lastKnownFileType = sourcecode.swift; path = FavoriteView.swift; sourceTree = "<group>"; };
		D239991620047D930020A034 /* WeatherDetailView.swift */ = {isa = PBXFileReference; lastKnownFileType = sourcecode.swift; path = WeatherDetailView.swift; sourceTree = "<group>"; };
		D2548F902001BC6100DC0305 /* TabBarController.swift */ = {isa = PBXFileReference; lastKnownFileType = sourcecode.swift; path = TabBarController.swift; sourceTree = "<group>"; };
		D2548F922001BD0E00DC0305 /* FavoritesViewController.swift */ = {isa = PBXFileReference; lastKnownFileType = sourcecode.swift; path = FavoritesViewController.swift; sourceTree = "<group>"; };
		D26839092002AAB600D852DC /* NetworkHelper.swift */ = {isa = PBXFileReference; lastKnownFileType = sourcecode.swift; path = NetworkHelper.swift; sourceTree = "<group>"; };
		D268390B2002ACC700D852DC /* AerisAPIClient.swift */ = {isa = PBXFileReference; lastKnownFileType = sourcecode.swift; path = AerisAPIClient.swift; sourceTree = "<group>"; };
		D268390D2002B38400D852DC /* WeatherCell.swift */ = {isa = PBXFileReference; lastKnownFileType = sourcecode.swift; path = WeatherCell.swift; sourceTree = "<group>"; };
		D268390F2002B45600D852DC /* WeatherView.swift */ = {isa = PBXFileReference; lastKnownFileType = sourcecode.swift; path = WeatherView.swift; sourceTree = "<group>"; };
		D26839112002F66F00D852DC /* WeatherDetailViewController.swift */ = {isa = PBXFileReference; lastKnownFileType = sourcecode.swift; path = WeatherDetailViewController.swift; sourceTree = "<group>"; };
		D2B442132006FD4A00322E23 /* PixabayImageAPIClient.swift */ = {isa = PBXFileReference; lastKnownFileType = sourcecode.swift; path = PixabayImageAPIClient.swift; sourceTree = "<group>"; };
/* End PBXFileReference section */

/* Begin PBXFrameworksBuildPhase section */
		5410A6BA1FFFDF1200935A9A /* Frameworks */ = {
			isa = PBXFrameworksBuildPhase;
			buildActionMask = 2147483647;
			files = (
			);
			runOnlyForDeploymentPostprocessing = 0;
		};
/* End PBXFrameworksBuildPhase section */

/* Begin PBXGroup section */
		5410A6B41FFFDF1200935A9A = {
			isa = PBXGroup;
			children = (
				5410A6BF1FFFDF1200935A9A /* Unit4Week3Homework-StudentVersion */,
				5410A6BE1FFFDF1200935A9A /* Products */,
			);
			sourceTree = "<group>";
		};
		5410A6BE1FFFDF1200935A9A /* Products */ = {
			isa = PBXGroup;
			children = (
				5410A6BD1FFFDF1200935A9A /* Unit4Week3Homework-StudentVersion.app */,
			);
			name = Products;
			sourceTree = "<group>";
		};
		5410A6BF1FFFDF1200935A9A /* Unit4Week3Homework-StudentVersion */ = {
			isa = PBXGroup;
			children = (
				D201153D2007F46B00F54810 /* Models */,
				D284B3492001DD66009106DC /* Views */,
				D284B3482001DD29009106DC /* View Controllers */,
				D26839062002A75500D852DC /* Services */,
				D26839052002A72300D852DC /* Supporting Files */,
				5410A6CC1FFFDF1200935A9A /* Info.plist */,
			);
			path = "Unit4Week3Homework-StudentVersion";
			sourceTree = "<group>";
		};
		D201153D2007F46B00F54810 /* Models */ = {
			isa = PBXGroup;
			children = (
				D20115392007C71E00F54810 /* DataModel.swift */,
				D201153E2007F62D00F54810 /* Favorite.swift */,
			);
			path = Models;
			sourceTree = "<group>";
		};
		D26839052002A72300D852DC /* Supporting Files */ = {
			isa = PBXGroup;
			children = (
				5410A6C01FFFDF1200935A9A /* AppDelegate.swift */,
				5410A6C71FFFDF1200935A9A /* Assets.xcassets */,
				5410A6C91FFFDF1200935A9A /* LaunchScreen.storyboard */,
			);
			path = "Supporting Files";
			sourceTree = "<group>";
		};
		D26839062002A75500D852DC /* Services */ = {
			isa = PBXGroup;
			children = (
				5410A6D21FFFDF6500935A9A /* ZipCodeHelper.swift */,
				D26839092002AAB600D852DC /* NetworkHelper.swift */,
				D268390B2002ACC700D852DC /* AerisAPIClient.swift */,
				D2B442132006FD4A00322E23 /* PixabayImageAPIClient.swift */,
				D20115192007150200F54810 /* ImageAPIClient.swift */,
			);
			path = Services;
			sourceTree = "<group>";
		};
		D284B3482001DD29009106DC /* View Controllers */ = {
			isa = PBXGroup;
			children = (
				D2548F902001BC6100DC0305 /* TabBarController.swift */,
				D2548F922001BD0E00DC0305 /* FavoritesViewController.swift */,
				5410A6C21FFFDF1200935A9A /* MainWeatherViewController.swift */,
				D26839112002F66F00D852DC /* WeatherDetailViewController.swift */,
			);
			path = "View Controllers";
			sourceTree = "<group>";
		};
		D284B3492001DD66009106DC /* Views */ = {
			isa = PBXGroup;
			children = (
				D268390D2002B38400D852DC /* WeatherCell.swift */,
				D268390F2002B45600D852DC /* WeatherView.swift */,
				D201154020081D6400F54810 /* FavoriteView.swift */,
				D239991620047D930020A034 /* WeatherDetailView.swift */,
			);
			path = Views;
			sourceTree = "<group>";
		};
/* End PBXGroup section */

/* Begin PBXNativeTarget section */
		5410A6BC1FFFDF1200935A9A /* Unit4Week3Homework-StudentVersion */ = {
			isa = PBXNativeTarget;
			buildConfigurationList = 5410A6CF1FFFDF1200935A9A /* Build configuration list for PBXNativeTarget "Unit4Week3Homework-StudentVersion" */;
			buildPhases = (
				5410A6B91FFFDF1200935A9A /* Sources */,
				5410A6BA1FFFDF1200935A9A /* Frameworks */,
				5410A6BB1FFFDF1200935A9A /* Resources */,
			);
			buildRules = (
			);
			dependencies = (
			);
			name = "Unit4Week3Homework-StudentVersion";
			productName = "Unit4Week3Homework-StudentVersion";
			productReference = 5410A6BD1FFFDF1200935A9A /* Unit4Week3Homework-StudentVersion.app */;
			productType = "com.apple.product-type.application";
		};
/* End PBXNativeTarget section */

/* Begin PBXProject section */
		5410A6B51FFFDF1200935A9A /* Project object */ = {
			isa = PBXProject;
			attributes = {
				LastSwiftUpdateCheck = 0920;
				LastUpgradeCheck = 0920;
				ORGANIZATIONNAME = "C4Q ";
				TargetAttributes = {
					5410A6BC1FFFDF1200935A9A = {
						CreatedOnToolsVersion = 9.2;
						ProvisioningStyle = Automatic;
					};
				};
			};
			buildConfigurationList = 5410A6B81FFFDF1200935A9A /* Build configuration list for PBXProject "Unit4Week3Homework-StudentVersion" */;
			compatibilityVersion = "Xcode 8.0";
			developmentRegion = en;
			hasScannedForEncodings = 0;
			knownRegions = (
				en,
				Base,
			);
			mainGroup = 5410A6B41FFFDF1200935A9A;
			productRefGroup = 5410A6BE1FFFDF1200935A9A /* Products */;
			projectDirPath = "";
			projectRoot = "";
			targets = (
				5410A6BC1FFFDF1200935A9A /* Unit4Week3Homework-StudentVersion */,
			);
		};
/* End PBXProject section */

/* Begin PBXResourcesBuildPhase section */
		5410A6BB1FFFDF1200935A9A /* Resources */ = {
			isa = PBXResourcesBuildPhase;
			buildActionMask = 2147483647;
			files = (
				5410A6CB1FFFDF1200935A9A /* LaunchScreen.storyboard in Resources */,
				5410A6C81FFFDF1200935A9A /* Assets.xcassets in Resources */,
			);
			runOnlyForDeploymentPostprocessing = 0;
		};
/* End PBXResourcesBuildPhase section */

/* Begin PBXSourcesBuildPhase section */
		5410A6B91FFFDF1200935A9A /* Sources */ = {
			isa = PBXSourcesBuildPhase;
			buildActionMask = 2147483647;
			files = (
				D239991720047D930020A034 /* WeatherDetailView.swift in Sources */,
				D201154120081D6400F54810 /* FavoriteView.swift in Sources */,
				D268390A2002AAB600D852DC /* NetworkHelper.swift in Sources */,
				D201151A2007150200F54810 /* ImageAPIClient.swift in Sources */,
				D268390E2002B38400D852DC /* WeatherCell.swift in Sources */,
				D201153A2007C71E00F54810 /* DataModel.swift in Sources */,
				5410A6D31FFFDF6500935A9A /* ZipCodeHelper.swift in Sources */,
				D2548F912001BC6100DC0305 /* TabBarController.swift in Sources */,
				D26839102002B45600D852DC /* WeatherView.swift in Sources */,
				D268390C2002ACC700D852DC /* AerisAPIClient.swift in Sources */,
				5410A6C31FFFDF1200935A9A /* MainWeatherViewController.swift in Sources */,
				D2548F932001BD0E00DC0305 /* FavoritesViewController.swift in Sources */,
				D2B442142006FD4A00322E23 /* PixabayImageAPIClient.swift in Sources */,
				D201153F2007F62D00F54810 /* Favorite.swift in Sources */,
				D26839122002F66F00D852DC /* WeatherDetailViewController.swift in Sources */,
				5410A6C11FFFDF1200935A9A /* AppDelegate.swift in Sources */,
			);
			runOnlyForDeploymentPostprocessing = 0;
		};
/* End PBXSourcesBuildPhase section */

/* Begin PBXVariantGroup section */
		5410A6C91FFFDF1200935A9A /* LaunchScreen.storyboard */ = {
			isa = PBXVariantGroup;
			children = (
				5410A6CA1FFFDF1200935A9A /* Base */,
			);
			name = LaunchScreen.storyboard;
			sourceTree = "<group>";
		};
/* End PBXVariantGroup section */

/* Begin XCBuildConfiguration section */
		5410A6CD1FFFDF1200935A9A /* Debug */ = {
			isa = XCBuildConfiguration;
			buildSettings = {
				ALWAYS_SEARCH_USER_PATHS = NO;
				CLANG_ANALYZER_NONNULL = YES;
				CLANG_ANALYZER_NUMBER_OBJECT_CONVERSION = YES_AGGRESSIVE;
				CLANG_CXX_LANGUAGE_STANDARD = "gnu++14";
				CLANG_CXX_LIBRARY = "libc++";
				CLANG_ENABLE_MODULES = YES;
				CLANG_ENABLE_OBJC_ARC = YES;
				CLANG_WARN_BLOCK_CAPTURE_AUTORELEASING = YES;
				CLANG_WARN_BOOL_CONVERSION = YES;
				CLANG_WARN_COMMA = YES;
				CLANG_WARN_CONSTANT_CONVERSION = YES;
				CLANG_WARN_DIRECT_OBJC_ISA_USAGE = YES_ERROR;
				CLANG_WARN_DOCUMENTATION_COMMENTS = YES;
				CLANG_WARN_EMPTY_BODY = YES;
				CLANG_WARN_ENUM_CONVERSION = YES;
				CLANG_WARN_INFINITE_RECURSION = YES;
				CLANG_WARN_INT_CONVERSION = YES;
				CLANG_WARN_NON_LITERAL_NULL_CONVERSION = YES;
				CLANG_WARN_OBJC_LITERAL_CONVERSION = YES;
				CLANG_WARN_OBJC_ROOT_CLASS = YES_ERROR;
				CLANG_WARN_RANGE_LOOP_ANALYSIS = YES;
				CLANG_WARN_STRICT_PROTOTYPES = YES;
				CLANG_WARN_SUSPICIOUS_MOVE = YES;
				CLANG_WARN_UNGUARDED_AVAILABILITY = YES_AGGRESSIVE;
				CLANG_WARN_UNREACHABLE_CODE = YES;
				CLANG_WARN__DUPLICATE_METHOD_MATCH = YES;
				CODE_SIGN_IDENTITY = "iPhone Developer";
				COPY_PHASE_STRIP = NO;
				DEBUG_INFORMATION_FORMAT = dwarf;
				ENABLE_STRICT_OBJC_MSGSEND = YES;
				ENABLE_TESTABILITY = YES;
				GCC_C_LANGUAGE_STANDARD = gnu11;
				GCC_DYNAMIC_NO_PIC = NO;
				GCC_NO_COMMON_BLOCKS = YES;
				GCC_OPTIMIZATION_LEVEL = 0;
				GCC_PREPROCESSOR_DEFINITIONS = (
					"DEBUG=1",
					"$(inherited)",
				);
				GCC_WARN_64_TO_32_BIT_CONVERSION = YES;
				GCC_WARN_ABOUT_RETURN_TYPE = YES_ERROR;
				GCC_WARN_UNDECLARED_SELECTOR = YES;
				GCC_WARN_UNINITIALIZED_AUTOS = YES_AGGRESSIVE;
				GCC_WARN_UNUSED_FUNCTION = YES;
				GCC_WARN_UNUSED_VARIABLE = YES;
				IPHONEOS_DEPLOYMENT_TARGET = 11.2;
				MTL_ENABLE_DEBUG_INFO = YES;
				ONLY_ACTIVE_ARCH = YES;
				SDKROOT = iphoneos;
				SWIFT_ACTIVE_COMPILATION_CONDITIONS = DEBUG;
				SWIFT_OPTIMIZATION_LEVEL = "-Onone";
			};
			name = Debug;
		};
		5410A6CE1FFFDF1200935A9A /* Release */ = {
			isa = XCBuildConfiguration;
			buildSettings = {
				ALWAYS_SEARCH_USER_PATHS = NO;
				CLANG_ANALYZER_NONNULL = YES;
				CLANG_ANALYZER_NUMBER_OBJECT_CONVERSION = YES_AGGRESSIVE;
				CLANG_CXX_LANGUAGE_STANDARD = "gnu++14";
				CLANG_CXX_LIBRARY = "libc++";
				CLANG_ENABLE_MODULES = YES;
				CLANG_ENABLE_OBJC_ARC = YES;
				CLANG_WARN_BLOCK_CAPTURE_AUTORELEASING = YES;
				CLANG_WARN_BOOL_CONVERSION = YES;
				CLANG_WARN_COMMA = YES;
				CLANG_WARN_CONSTANT_CONVERSION = YES;
				CLANG_WARN_DIRECT_OBJC_ISA_USAGE = YES_ERROR;
				CLANG_WARN_DOCUMENTATION_COMMENTS = YES;
				CLANG_WARN_EMPTY_BODY = YES;
				CLANG_WARN_ENUM_CONVERSION = YES;
				CLANG_WARN_INFINITE_RECURSION = YES;
				CLANG_WARN_INT_CONVERSION = YES;
				CLANG_WARN_NON_LITERAL_NULL_CONVERSION = YES;
				CLANG_WARN_OBJC_LITERAL_CONVERSION = YES;
				CLANG_WARN_OBJC_ROOT_CLASS = YES_ERROR;
				CLANG_WARN_RANGE_LOOP_ANALYSIS = YES;
				CLANG_WARN_STRICT_PROTOTYPES = YES;
				CLANG_WARN_SUSPICIOUS_MOVE = YES;
				CLANG_WARN_UNGUARDED_AVAILABILITY = YES_AGGRESSIVE;
				CLANG_WARN_UNREACHABLE_CODE = YES;
				CLANG_WARN__DUPLICATE_METHOD_MATCH = YES;
				CODE_SIGN_IDENTITY = "iPhone Developer";
				COPY_PHASE_STRIP = NO;
				DEBUG_INFORMATION_FORMAT = "dwarf-with-dsym";
				ENABLE_NS_ASSERTIONS = NO;
				ENABLE_STRICT_OBJC_MSGSEND = YES;
				GCC_C_LANGUAGE_STANDARD = gnu11;
				GCC_NO_COMMON_BLOCKS = YES;
				GCC_WARN_64_TO_32_BIT_CONVERSION = YES;
				GCC_WARN_ABOUT_RETURN_TYPE = YES_ERROR;
				GCC_WARN_UNDECLARED_SELECTOR = YES;
				GCC_WARN_UNINITIALIZED_AUTOS = YES_AGGRESSIVE;
				GCC_WARN_UNUSED_FUNCTION = YES;
				GCC_WARN_UNUSED_VARIABLE = YES;
				IPHONEOS_DEPLOYMENT_TARGET = 11.2;
				MTL_ENABLE_DEBUG_INFO = NO;
				SDKROOT = iphoneos;
				SWIFT_OPTIMIZATION_LEVEL = "-Owholemodule";
				VALIDATE_PRODUCT = YES;
			};
			name = Release;
		};
		5410A6D01FFFDF1200935A9A /* Debug */ = {
			isa = XCBuildConfiguration;
			buildSettings = {
				ASSETCATALOG_COMPILER_APPICON_NAME = AppIcon;
				CODE_SIGN_STYLE = Automatic;
				INFOPLIST_FILE = "Unit4Week3Homework-StudentVersion/Info.plist";
				LD_RUNPATH_SEARCH_PATHS = "$(inherited) @executable_path/Frameworks";
				PRODUCT_BUNDLE_IDENTIFIER = "c4q.Unit4Week3Homework-StudentVersion";
				PRODUCT_NAME = "$(TARGET_NAME)";
				SWIFT_VERSION = 4.0;
				TARGETED_DEVICE_FAMILY = "1,2";
			};
			name = Debug;
		};
		5410A6D11FFFDF1200935A9A /* Release */ = {
			isa = XCBuildConfiguration;
			buildSettings = {
				ASSETCATALOG_COMPILER_APPICON_NAME = AppIcon;
				CODE_SIGN_STYLE = Automatic;
				INFOPLIST_FILE = "Unit4Week3Homework-StudentVersion/Info.plist";
				LD_RUNPATH_SEARCH_PATHS = "$(inherited) @executable_path/Frameworks";
				PRODUCT_BUNDLE_IDENTIFIER = "c4q.Unit4Week3Homework-StudentVersion";
				PRODUCT_NAME = "$(TARGET_NAME)";
				SWIFT_VERSION = 4.0;
				TARGETED_DEVICE_FAMILY = "1,2";
			};
			name = Release;
		};
/* End XCBuildConfiguration section */

/* Begin XCConfigurationList section */
		5410A6B81FFFDF1200935A9A /* Build configuration list for PBXProject "Unit4Week3Homework-StudentVersion" */ = {
			isa = XCConfigurationList;
			buildConfigurations = (
				5410A6CD1FFFDF1200935A9A /* Debug */,
				5410A6CE1FFFDF1200935A9A /* Release */,
			);
			defaultConfigurationIsVisible = 0;
			defaultConfigurationName = Release;
		};
		5410A6CF1FFFDF1200935A9A /* Build configuration list for PBXNativeTarget "Unit4Week3Homework-StudentVersion" */ = {
			isa = XCConfigurationList;
			buildConfigurations = (
				5410A6D01FFFDF1200935A9A /* Debug */,
				5410A6D11FFFDF1200935A9A /* Release */,
			);
			defaultConfigurationIsVisible = 0;
			defaultConfigurationName = Release;
		};
/* End XCConfigurationList section */
	};
	rootObject = 5410A6B51FFFDF1200935A9A /* Project object */;
}
